
Microsoft Visual Studio Solution File, Format Version 12.00
# Visual Studio Version 16
VisualStudioVersion = 16.0.29306.81
MinimumVisualStudioVersion = 10.0.40219.1
Project("{9A19103F-16F7-4668-BE54-9A1E7A4F7556}") = "Calendar.Server", "Calendar.Server\Calendar.Server.csproj", "{49B3704F-C7C0-4CCE-BE6B-921C138B3FB1}"
EndProject
Project("{E24C65DC-7377-472B-9ABA-BC803B73C61A}") = "Calendar.Client", "..\Calendar.Client\", "{F9F66149-04DD-48FF-81E8-301393170FFD}"
	ProjectSection(WebsiteProperties) = preProject
		TargetFrameworkMoniker = ".NETFramework,Version%3Dv4.0"
		Debug.AspNetCompiler.VirtualPath = "/localhost_49438"
		Debug.AspNetCompiler.PhysicalPath = "..\Calendar.Client\"
		Debug.AspNetCompiler.TargetPath = "PrecompiledWeb\localhost_49438\"
		Debug.AspNetCompiler.Updateable = "true"
		Debug.AspNetCompiler.ForceOverwrite = "true"
		Debug.AspNetCompiler.FixedNames = "false"
		Debug.AspNetCompiler.Debug = "True"
		Release.AspNetCompiler.VirtualPath = "/localhost_49438"
		Release.AspNetCompiler.PhysicalPath = "..\Calendar.Client\"
		Release.AspNetCompiler.TargetPath = "PrecompiledWeb\localhost_49438\"
		Release.AspNetCompiler.Updateable = "true"
		Release.AspNetCompiler.ForceOverwrite = "true"
		Release.AspNetCompiler.FixedNames = "false"
		Release.AspNetCompiler.Debug = "False"
		VWDPort = "49438"
		SlnRelativePath = "..\Calendar.Client\"
	EndProjectSection
EndProject
Global
	GlobalSection(SolutionConfigurationPlatforms) = preSolution
		Debug|Any CPU = Debug|Any CPU
		Release|Any CPU = Release|Any CPU
	EndGlobalSection
	GlobalSection(ProjectConfigurationPlatforms) = postSolution
		{49B3704F-C7C0-4CCE-BE6B-921C138B3FB1}.Debug|Any CPU.ActiveCfg = Debug|Any CPU
		{49B3704F-C7C0-4CCE-BE6B-921C138B3FB1}.Debug|Any CPU.Build.0 = Debug|Any CPU
		{49B3704F-C7C0-4CCE-BE6B-921C138B3FB1}.Release|Any CPU.ActiveCfg = Release|Any CPU
		{49B3704F-C7C0-4CCE-BE6B-921C138B3FB1}.Release|Any CPU.Build.0 = Release|Any CPU
		{F9F66149-04DD-48FF-81E8-301393170FFD}.Debug|Any CPU.ActiveCfg = Debug|Any CPU
		{F9F66149-04DD-48FF-81E8-301393170FFD}.Debug|Any CPU.Build.0 = Debug|Any CPU
		{F9F66149-04DD-48FF-81E8-301393170FFD}.Release|Any CPU.ActiveCfg = Debug|Any CPU
		{F9F66149-04DD-48FF-81E8-301393170FFD}.Release|Any CPU.Build.0 = Debug|Any CPU
	EndGlobalSection
	GlobalSection(SolutionProperties) = preSolution
		HideSolutionNode = FALSE
	EndGlobalSection
	GlobalSection(ExtensibilityGlobals) = postSolution
		SolutionGuid = {A05167D6-CF70-4A35-B774-CF38A18C839C}
	EndGlobalSection
EndGlobal
