
Microsoft Visual Studio Solution File, Format Version 12.00
# Visual Studio 14
VisualStudioVersion = 14.0.23107.0
MinimumVisualStudioVersion = 10.0.40219.1
Project("{FAE04EC0-301F-11D3-BF4B-00C04F79EFBC}") = "ExchangeTemplate", "ExchangeTemplate\ExchangeTemplate.csproj", "{EC26CBC6-33F3-4894-957B-1A5FC9B7D6F9}"
EndProject
Global
	GlobalSection(SolutionConfigurationPlatforms) = preSolution
		Debug|Any CPU = Debug|Any CPU
		Release|Any CPU = Release|Any CPU
	EndGlobalSection
	GlobalSection(ProjectConfigurationPlatforms) = postSolution
		{EC26CBC6-33F3-4894-957B-1A5FC9B7D6F9}.Debug|Any CPU.ActiveCfg = Debug|Any CPU
		{EC26CBC6-33F3-4894-957B-1A5FC9B7D6F9}.Debug|Any CPU.Build.0 = Debug|Any CPU
		{EC26CBC6-33F3-4894-957B-1A5FC9B7D6F9}.Release|Any CPU.ActiveCfg = Release|Any CPU
		{EC26CBC6-33F3-4894-957B-1A5FC9B7D6F9}.Release|Any CPU.Build.0 = Release|Any CPU
	EndGlobalSection
	GlobalSection(SolutionProperties) = preSolution
		HideSolutionNode = FALSE
	EndGlobalSection
EndGlobal
